# This file is automatically @generated by Cargo.
# It is not intended for manual editing.
version = 4

[[package]]
name = "model_a"
version = "0.1.0"

[[package]]
name = "model_a_web"
version = "0.1.0"

[[package]]
name = "model_b"
version = "0.1.0"

[[package]]
name = "model_b_web"
version = "0.1.0"

[[package]]
name = "web"
version = "0.1.0"

[[package]]
name = "web_builder"
version = "0.1.0"
